
Microsoft Visual Studio Solution File, Format Version 12.00
# Visual Studio Version 16
VisualStudioVersion = 16.0.30717.126
MinimumVisualStudioVersion = 10.0.40219.1
EndProject
Project("{FAE04EC0-301F-11D3-BF4B-00C04F79EFBC}") = "OgrIsler.Entities", "OgrIsler.Entities\OgrIsler.Entities.csproj", "{F29B357A-8226-4FA0-876F-04A88D49EE8A}"
EndProject
Project("{FAE04EC0-301F-11D3-BF4B-00C04F79EFBC}") = "OgrIsler.DataAccess", "OgrIsler.DataAccess\OgrIsler.DataAccess.csproj", "{1C9054A7-933F-4DFF-B989-0EFDE1406CF0}"
EndProject
Global
	GlobalSection(SolutionConfigurationPlatforms) = preSolution
		Debug|Any CPU = Debug|Any CPU
		Release|Any CPU = Release|Any CPU
	EndGlobalSection
	GlobalSection(ProjectConfigurationPlatforms) = postSolution
		{2D64FEA9-6388-41E1-82ED-CDE7CED0E4B0}.Debug|Any CPU.ActiveCfg = Debug|Any CPU
		{2D64FEA9-6388-41E1-82ED-CDE7CED0E4B0}.Debug|Any CPU.Build.0 = Debug|Any CPU
		{2D64FEA9-6388-41E1-82ED-CDE7CED0E4B0}.Release|Any CPU.ActiveCfg = Release|Any CPU
		{2D64FEA9-6388-41E1-82ED-CDE7CED0E4B0}.Release|Any CPU.Build.0 = Release|Any CPU
		{F29B357A-8226-4FA0-876F-04A88D49EE8A}.Debug|Any CPU.ActiveCfg = Debug|Any CPU
		{F29B357A-8226-4FA0-876F-04A88D49EE8A}.Debug|Any CPU.Build.0 = Debug|Any CPU
		{F29B357A-8226-4FA0-876F-04A88D49EE8A}.Release|Any CPU.ActiveCfg = Release|Any CPU
		{F29B357A-8226-4FA0-876F-04A88D49EE8A}.Release|Any CPU.Build.0 = Release|Any CPU
		{1C9054A7-933F-4DFF-B989-0EFDE1406CF0}.Debug|Any CPU.ActiveCfg = Debug|Any CPU
		{1C9054A7-933F-4DFF-B989-0EFDE1406CF0}.Debug|Any CPU.Build.0 = Debug|Any CPU
		{1C9054A7-933F-4DFF-B989-0EFDE1406CF0}.Release|Any CPU.ActiveCfg = Release|Any CPU
		{1C9054A7-933F-4DFF-B989-0EFDE1406CF0}.Release|Any CPU.Build.0 = Release|Any CPU
	EndGlobalSection
	GlobalSection(SolutionProperties) = preSolution
		HideSolutionNode = FALSE
	EndGlobalSection
	GlobalSection(ExtensibilityGlobals) = postSolution
		SolutionGuid = {3243EFE5-1571-49B8-A791-AF284E815C00}
	EndGlobalSection
EndGlobal
